
Microsoft Visual Studio Solution File, Format Version 12.00
# Visual Studio 15
VisualStudioVersion = 15.0.28010.2041
MinimumVisualStudioVersion = 10.0.40219.1
Project("{FAE04EC0-301F-11D3-BF4B-00C04F79EFBC}") = "RabbitHeadersLab", "RabbitHeadersLab\RabbitHeadersLab.csproj", "{E7DBAC26-029B-4A56-893E-A858E5592812}"
EndProject
Global
	GlobalSection(SolutionConfigurationPlatforms) = preSolution
		Debug|Any CPU = Debug|Any CPU
		Release|Any CPU = Release|Any CPU
	EndGlobalSection
	GlobalSection(ProjectConfigurationPlatforms) = postSolution
		{E7DBAC26-029B-4A56-893E-A858E5592812}.Debug|Any CPU.ActiveCfg = Debug|Any CPU
		{E7DBAC26-029B-4A56-893E-A858E5592812}.Debug|Any CPU.Build.0 = Debug|Any CPU
		{E7DBAC26-029B-4A56-893E-A858E5592812}.Release|Any CPU.ActiveCfg = Release|Any CPU
		{E7DBAC26-029B-4A56-893E-A858E5592812}.Release|Any CPU.Build.0 = Release|Any CPU
	EndGlobalSection
	GlobalSection(SolutionProperties) = preSolution
		HideSolutionNode = FALSE
	EndGlobalSection
	GlobalSection(ExtensibilityGlobals) = postSolution
		SolutionGuid = {769D579D-413C-48CA-B313-4D0268D20025}
	EndGlobalSection
EndGlobal
